{
  "name": "com.rexwel.bmwconnected",
  "version": "1.0.0",
  "lockfileVersion": 2,
  "requires": true,
  "packages": {
    "": {
      "version": "1.0.0",
      "license": "GPLV3",
      "dependencies": {
        "bmw-connected-drive": "^0.0.8",
        "cross-fetch": "^3.1.4",
        "source-map-support": "^0.5.19"
      },
      "devDependencies": {
        "@tsconfig/node12": "^1.0.7",
        "@types/homey": "npm:homey-apps-sdk-v3-types@^0.1.0",
        "@types/node": "^15.6.2",
        "@types/source-map-support": "^0.5.3",
        "typescript": "^4.3.2"
      }
    },
    "node_modules/@tsconfig/node12": {
      "version": "1.0.9",
      "resolved": "https://registry.npmjs.org/@tsconfig/node12/-/node12-1.0.9.tgz",
      "integrity": "sha512-/yBMcem+fbvhSREH+s14YJi18sp7J9jpuhYByADT2rypfajMZZN4WQ6zBGgBKp53NKmqI36wFYDb3yaMPurITw==",
      "dev": true
    },
    "node_modules/@types/homey": {
      "name": "homey-apps-sdk-v3-types",
      "version": "0.1.0",
      "resolved": "https://registry.npmjs.org/homey-apps-sdk-v3-types/-/homey-apps-sdk-v3-types-0.1.0.tgz",
      "integrity": "sha512-6oafbv/9Tj7CbDONWVW88owHGxb7GsZZIg3VsL2UEccadfqf6f3jCoRGEgS94V1bkclNN+TKdfAOWEPpOIOt1A==",
      "dev": true,
      "dependencies": {
        "@types/node": "^14.14.20"
      }
    },
    "node_modules/@types/homey/node_modules/@types/node": {
      "version": "14.17.5",
      "resolved": "https://registry.npmjs.org/@types/node/-/node-14.17.5.tgz",
      "integrity": "sha512-bjqH2cX/O33jXT/UmReo2pM7DIJREPMnarixbQ57DOOzzFaI6D2+IcwaJQaJpv0M1E9TIhPCYVxrkcityLjlqA==",
      "dev": true
    },
    "node_modules/@types/node": {
      "version": "15.14.2",
      "resolved": "https://registry.npmjs.org/@types/node/-/node-15.14.2.tgz",
      "integrity": "sha512-dvMUE/m2LbXPwlvVuzCyslTEtQ2ZwuuFClDrOQ6mp2CenCg971719PTILZ4I6bTP27xfFFc+o7x2TkLuun/MPw==",
      "dev": true
    },
    "node_modules/@types/source-map-support": {
      "version": "0.5.4",
      "resolved": "https://registry.npmjs.org/@types/source-map-support/-/source-map-support-0.5.4.tgz",
      "integrity": "sha512-9zGujX1sOPg32XLyfgEB/0G9ZnrjthL/Iv1ZfuAjj8LEilHZEpQSQs1scpRXPhHzGYgWiLz9ldF1cI8JhL+yMw==",
      "dev": true,
      "dependencies": {
        "source-map": "^0.6.0"
      }
    },
    "node_modules/bmw-connected-drive": {
      "version": "0.0.8",
      "resolved": "https://registry.npmjs.org/bmw-connected-drive/-/bmw-connected-drive-0.0.8.tgz",
      "integrity": "sha512-Y9KhLUaiYd0ks+ONy6EDCjPrT8G0bVPE37t+E31C1XeJXntfbH36QrR0sKPfiBIOB0EsBpOfMCxXFxvQjz6SXQ==",
      "dependencies": {
        "cross-fetch": "^3.1.4"
      }
    },
    "node_modules/buffer-from": {
      "version": "1.1.1",
      "resolved": "https://registry.npmjs.org/buffer-from/-/buffer-from-1.1.1.tgz",
      "integrity": "sha512-MQcXEUbCKtEo7bhqEs6560Hyd4XaovZlO/k9V3hjVUF/zwW7KBVdSK4gIt/bzwS9MbR5qob+F5jusZsb0YQK2A=="
    },
    "node_modules/cross-fetch": {
      "version": "3.1.4",
      "resolved": "https://registry.npmjs.org/cross-fetch/-/cross-fetch-3.1.4.tgz",
      "integrity": "sha512-1eAtFWdIubi6T4XPy6ei9iUFoKpUkIF971QLN8lIvvvwueI65+Nw5haMNKUwfJxabqlIIDODJKGrQ66gxC0PbQ==",
      "dependencies": {
        "node-fetch": "2.6.1"
      }
    },
    "node_modules/node-fetch": {
      "version": "2.6.1",
      "resolved": "https://registry.npmjs.org/node-fetch/-/node-fetch-2.6.1.tgz",
      "integrity": "sha512-V4aYg89jEoVRxRb2fJdAg8FHvI7cEyYdVAh94HH0UIK8oJxUfkjlDQN9RbMx+bEjP7+ggMiFRprSti032Oipxw==",
      "engines": {
        "node": "4.x || >=6.0.0"
      }
    },
    "node_modules/source-map": {
      "version": "0.6.1",
      "resolved": "https://registry.npmjs.org/source-map/-/source-map-0.6.1.tgz",
      "integrity": "sha512-UjgapumWlbMhkBgzT7Ykc5YXUT46F0iKu8SGXq0bcwP5dz/h0Plj6enJqjz1Zbq2l5WaqYnrVbwWOWMyF3F47g==",
      "engines": {
        "node": ">=0.10.0"
      }
    },
    "node_modules/source-map-support": {
      "version": "0.5.19",
      "resolved": "https://registry.npmjs.org/source-map-support/-/source-map-support-0.5.19.tgz",
      "integrity": "sha512-Wonm7zOCIJzBGQdB+thsPar0kYuCIzYvxZwlBa87yi/Mdjv7Tip2cyVbLj5o0cFPN4EVkuTwb3GDDyUx2DGnGw==",
      "dependencies": {
        "buffer-from": "^1.0.0",
        "source-map": "^0.6.0"
      }
    },
    "node_modules/typescript": {
      "version": "4.3.5",
      "resolved": "https://registry.npmjs.org/typescript/-/typescript-4.3.5.tgz",
      "integrity": "sha512-DqQgihaQ9cUrskJo9kIyW/+g0Vxsk8cDtZ52a3NGh0YNTfpUSArXSohyUGnvbPazEPLu398C0UxmKSOrPumUzA==",
      "dev": true,
      "bin": {
        "tsc": "bin/tsc",
        "tsserver": "bin/tsserver"
      },
      "engines": {
        "node": ">=4.2.0"
      }
    }
  },
  "dependencies": {
    "@tsconfig/node12": {
      "version": "1.0.9",
      "resolved": "https://registry.npmjs.org/@tsconfig/node12/-/node12-1.0.9.tgz",
      "integrity": "sha512-/yBMcem+fbvhSREH+s14YJi18sp7J9jpuhYByADT2rypfajMZZN4WQ6zBGgBKp53NKmqI36wFYDb3yaMPurITw==",
      "dev": true
    },
    "@types/homey": {
      "version": "npm:homey-apps-sdk-v3-types@0.1.0",
      "resolved": "https://registry.npmjs.org/homey-apps-sdk-v3-types/-/homey-apps-sdk-v3-types-0.1.0.tgz",
      "integrity": "sha512-6oafbv/9Tj7CbDONWVW88owHGxb7GsZZIg3VsL2UEccadfqf6f3jCoRGEgS94V1bkclNN+TKdfAOWEPpOIOt1A==",
      "dev": true,
      "requires": {
        "@types/node": "^14.14.20"
      },
      "dependencies": {
        "@types/node": {
          "version": "14.17.5",
          "resolved": "https://registry.npmjs.org/@types/node/-/node-14.17.5.tgz",
          "integrity": "sha512-bjqH2cX/O33jXT/UmReo2pM7DIJREPMnarixbQ57DOOzzFaI6D2+IcwaJQaJpv0M1E9TIhPCYVxrkcityLjlqA==",
          "dev": true
        }
      }
    },
    "@types/node": {
      "version": "15.14.2",
      "resolved": "https://registry.npmjs.org/@types/node/-/node-15.14.2.tgz",
      "integrity": "sha512-dvMUE/m2LbXPwlvVuzCyslTEtQ2ZwuuFClDrOQ6mp2CenCg971719PTILZ4I6bTP27xfFFc+o7x2TkLuun/MPw==",
      "dev": true
    },
    "@types/source-map-support": {
      "version": "0.5.4",
      "resolved": "https://registry.npmjs.org/@types/source-map-support/-/source-map-support-0.5.4.tgz",
      "integrity": "sha512-9zGujX1sOPg32XLyfgEB/0G9ZnrjthL/Iv1ZfuAjj8LEilHZEpQSQs1scpRXPhHzGYgWiLz9ldF1cI8JhL+yMw==",
      "dev": true,
      "requires": {
        "source-map": "^0.6.0"
      }
    },
    "bmw-connected-drive": {
      "version": "0.0.8",
      "resolved": "https://registry.npmjs.org/bmw-connected-drive/-/bmw-connected-drive-0.0.8.tgz",
      "integrity": "sha512-Y9KhLUaiYd0ks+ONy6EDCjPrT8G0bVPE37t+E31C1XeJXntfbH36QrR0sKPfiBIOB0EsBpOfMCxXFxvQjz6SXQ==",
      "requires": {
        "cross-fetch": "^3.1.4"
      }
    },
    "buffer-from": {
      "version": "1.1.1",
      "resolved": "https://registry.npmjs.org/buffer-from/-/buffer-from-1.1.1.tgz",
      "integrity": "sha512-MQcXEUbCKtEo7bhqEs6560Hyd4XaovZlO/k9V3hjVUF/zwW7KBVdSK4gIt/bzwS9MbR5qob+F5jusZsb0YQK2A=="
    },
    "cross-fetch": {
      "version": "3.1.4",
      "resolved": "https://registry.npmjs.org/cross-fetch/-/cross-fetch-3.1.4.tgz",
      "integrity": "sha512-1eAtFWdIubi6T4XPy6ei9iUFoKpUkIF971QLN8lIvvvwueI65+Nw5haMNKUwfJxabqlIIDODJKGrQ66gxC0PbQ==",
      "requires": {
        "node-fetch": "2.6.1"
      }
    },
    "node-fetch": {
      "version": "2.6.1",
      "resolved": "https://registry.npmjs.org/node-fetch/-/node-fetch-2.6.1.tgz",
      "integrity": "sha512-V4aYg89jEoVRxRb2fJdAg8FHvI7cEyYdVAh94HH0UIK8oJxUfkjlDQN9RbMx+bEjP7+ggMiFRprSti032Oipxw=="
    },
    "source-map": {
      "version": "0.6.1",
      "resolved": "https://registry.npmjs.org/source-map/-/source-map-0.6.1.tgz",
      "integrity": "sha512-UjgapumWlbMhkBgzT7Ykc5YXUT46F0iKu8SGXq0bcwP5dz/h0Plj6enJqjz1Zbq2l5WaqYnrVbwWOWMyF3F47g=="
    },
    "source-map-support": {
      "version": "0.5.19",
      "resolved": "https://registry.npmjs.org/source-map-support/-/source-map-support-0.5.19.tgz",
      "integrity": "sha512-Wonm7zOCIJzBGQdB+thsPar0kYuCIzYvxZwlBa87yi/Mdjv7Tip2cyVbLj5o0cFPN4EVkuTwb3GDDyUx2DGnGw==",
      "requires": {
        "buffer-from": "^1.0.0",
        "source-map": "^0.6.0"
      }
    },
    "typescript": {
      "version": "4.3.5",
      "resolved": "https://registry.npmjs.org/typescript/-/typescript-4.3.5.tgz",
      "integrity": "sha512-DqQgihaQ9cUrskJo9kIyW/+g0Vxsk8cDtZ52a3NGh0YNTfpUSArXSohyUGnvbPazEPLu398C0UxmKSOrPumUzA==",
      "dev": true
    }
  }
}
